
Microsoft Visual Studio Solution File, Format Version 12.00
# Visual Studio Version 17
VisualStudioVersion = 17.5.33502.453
MinimumVisualStudioVersion = 10.0.40219.1
Project("{9A19103F-16F7-4668-BE54-9A1E7A4F7556}") = "ECommerce", "ECommerce\ECommerce.csproj", "{EAE0070E-3FCF-40AC-8B48-C3311AE8A645}"
EndProject
Project("{FAE04EC0-301F-11D3-BF4B-00C04F79EFBC}") = "Domain", "Domain\Domain.csproj", "{2AFF1EFD-1A1A-4D13-A147-AA9C93494A6D}"
EndProject
Global
	GlobalSection(SolutionConfigurationPlatforms) = preSolution
		Debug|Any CPU = Debug|Any CPU
		Release|Any CPU = Release|Any CPU
	EndGlobalSection
	GlobalSection(ProjectConfigurationPlatforms) = postSolution
		{EAE0070E-3FCF-40AC-8B48-C3311AE8A645}.Debug|Any CPU.ActiveCfg = Debug|Any CPU
		{EAE0070E-3FCF-40AC-8B48-C3311AE8A645}.Debug|Any CPU.Build.0 = Debug|Any CPU
		{EAE0070E-3FCF-40AC-8B48-C3311AE8A645}.Release|Any CPU.ActiveCfg = Release|Any CPU
		{EAE0070E-3FCF-40AC-8B48-C3311AE8A645}.Release|Any CPU.Build.0 = Release|Any CPU
		{2AFF1EFD-1A1A-4D13-A147-AA9C93494A6D}.Debug|Any CPU.ActiveCfg = Debug|Any CPU
		{2AFF1EFD-1A1A-4D13-A147-AA9C93494A6D}.Debug|Any CPU.Build.0 = Debug|Any CPU
		{2AFF1EFD-1A1A-4D13-A147-AA9C93494A6D}.Release|Any CPU.ActiveCfg = Release|Any CPU
		{2AFF1EFD-1A1A-4D13-A147-AA9C93494A6D}.Release|Any CPU.Build.0 = Release|Any CPU
	EndGlobalSection
	GlobalSection(SolutionProperties) = preSolution
		HideSolutionNode = FALSE
	EndGlobalSection
	GlobalSection(ExtensibilityGlobals) = postSolution
		SolutionGuid = {00F01000-E268-4D04-9F0F-C1576D2D9F6C}
	EndGlobalSection
EndGlobal
